// !$*UTF8*$!
{
	archiveVersion = 1;
	classes = {
	};
	objectVersion = 50;
	objects = {

/* Begin PBXBuildFile section */
		10FC88C596DF2B561DB6A527 /* Pods_LabShare_FrontTests.framework in Frameworks */ = {isa = PBXBuildFile; fileRef = 1F57E97853FC45E6A4C572E5 /* Pods_LabShare_FrontTests.framework */; };
		1B92704F24FBDE6400D8CF34 /* ProfileModel.swift in Sources */ = {isa = PBXBuildFile; fileRef = 1B92704E24FBDE6400D8CF34 /* ProfileModel.swift */; };
		1B92705324FBE07D00D8CF34 /* ProfileView.swift in Sources */ = {isa = PBXBuildFile; fileRef = 1B92705224FBE07D00D8CF34 /* ProfileView.swift */; };
		1BD01AFE250473F5006C6F90 /* SearchBarView.swift in Sources */ = {isa = PBXBuildFile; fileRef = 1BD01AFD250473F5006C6F90 /* SearchBarView.swift */; };
		1BD01B00250488B4006C6F90 /* ProfileContainerView.swift in Sources */ = {isa = PBXBuildFile; fileRef = 1BD01AFF250488B4006C6F90 /* ProfileContainerView.swift */; };
		1E40D5CFC070094A1C8C84AD /* Pods_LabShare_Front.framework in Frameworks */ = {isa = PBXBuildFile; fileRef = B900551F389BECD52DCD2DD7 /* Pods_LabShare_Front.framework */; };
		E470409723EB23F8766A4344 /* Pods_LabShare_Front_LabShare_FrontUITests.framework in Frameworks */ = {isa = PBXBuildFile; fileRef = DD28AB0AAB97049B83229062 /* Pods_LabShare_Front_LabShare_FrontUITests.framework */; };
		F04A331E24F91C43004A86D9 /* AppDelegate.swift in Sources */ = {isa = PBXBuildFile; fileRef = F04A331D24F91C43004A86D9 /* AppDelegate.swift */; };
		F04A332024F91C43004A86D9 /* SceneDelegate.swift in Sources */ = {isa = PBXBuildFile; fileRef = F04A331F24F91C43004A86D9 /* SceneDelegate.swift */; };
		F04A332224F91C43004A86D9 /* FeedView2.swift in Sources */ = {isa = PBXBuildFile; fileRef = F04A332124F91C43004A86D9 /* FeedView2.swift */; };
		F04A332424F91C44004A86D9 /* Assets.xcassets in Resources */ = {isa = PBXBuildFile; fileRef = F04A332324F91C44004A86D9 /* Assets.xcassets */; };
		F04A332724F91C44004A86D9 /* Preview Assets.xcassets in Resources */ = {isa = PBXBuildFile; fileRef = F04A332624F91C44004A86D9 /* Preview Assets.xcassets */; };
		F04A332A24F91C44004A86D9 /* LaunchScreen.storyboard in Resources */ = {isa = PBXBuildFile; fileRef = F04A332824F91C44004A86D9 /* LaunchScreen.storyboard */; };
		F04A333524F91C45004A86D9 /* LabShare_FrontTests.swift in Sources */ = {isa = PBXBuildFile; fileRef = F04A333424F91C45004A86D9 /* LabShare_FrontTests.swift */; };
		F04A334024F91C45004A86D9 /* LabShare_FrontUITests.swift in Sources */ = {isa = PBXBuildFile; fileRef = F04A333F24F91C45004A86D9 /* LabShare_FrontUITests.swift */; };
		F04A335024F91C90004A86D9 /* PostModel.swift in Sources */ = {isa = PBXBuildFile; fileRef = F04A334F24F91C90004A86D9 /* PostModel.swift */; };
		F04A335224F91CAA004A86D9 /* PostRowView.swift in Sources */ = {isa = PBXBuildFile; fileRef = F04A335124F91CAA004A86D9 /* PostRowView.swift */; };
		F04A335924FA234F004A86D9 /* PostDetailView.swift in Sources */ = {isa = PBXBuildFile; fileRef = F04A335824FA234F004A86D9 /* PostDetailView.swift */; };
		F0519BB825034A68006E580E /* PostWebService.swift in Sources */ = {isa = PBXBuildFile; fileRef = F0519BB725034A68006E580E /* PostWebService.swift */; };
		F0519BBB25034CD9006E580E /* PostListViewModel.swift in Sources */ = {isa = PBXBuildFile; fileRef = F0519BBA25034CD9006E580E /* PostListViewModel.swift */; };
		F0519BBD250363CA006E580E /* UrlApi.swift in Sources */ = {isa = PBXBuildFile; fileRef = F0519BBC250363CA006E580E /* UrlApi.swift */; };
		F0545E0A251A54CD0037EFC9 /* PostListView.swift in Sources */ = {isa = PBXBuildFile; fileRef = F0545E09251A54CD0037EFC9 /* PostListView.swift */; };
		F0545E18251A564A0037EFC9 /* FeedView.swift in Sources */ = {isa = PBXBuildFile; fileRef = F0545E17251A564A0037EFC9 /* FeedView.swift */; };
		F0545E2F251A5F590037EFC9 /* ContainerView.swift in Sources */ = {isa = PBXBuildFile; fileRef = F0545E2E251A5F590037EFC9 /* ContainerView.swift */; };
		F0545E37251A62780037EFC9 /* RegisterView.swift in Sources */ = {isa = PBXBuildFile; fileRef = F0545E36251A62780037EFC9 /* RegisterView.swift */; };
		F0545E42251ACE5A0037EFC9 /* RegisterViewModel.swift in Sources */ = {isa = PBXBuildFile; fileRef = F0545E41251ACE5A0037EFC9 /* RegisterViewModel.swift */; };
		F0545E53251B0FAE0037EFC9 /* ViewHelpers.swift in Sources */ = {isa = PBXBuildFile; fileRef = F0545E52251B0FAE0037EFC9 /* ViewHelpers.swift */; };
		F0545E58251B341E0037EFC9 /* RegistrationModel.swift in Sources */ = {isa = PBXBuildFile; fileRef = F0545E57251B341E0037EFC9 /* RegistrationModel.swift */; };
		F0545E65251B68090037EFC9 /* ProfileEditView.swift in Sources */ = {isa = PBXBuildFile; fileRef = F0545E64251B68090037EFC9 /* ProfileEditView.swift */; };
		F05A03A8251CD4D7001563AF /* WebService.swift in Sources */ = {isa = PBXBuildFile; fileRef = F05A03A7251CD4D7001563AF /* WebService.swift */; };
		F05A03B6251DAE08001563AF /* UserPostsWebService.swift in Sources */ = {isa = PBXBuildFile; fileRef = F05A03B5251DAE08001563AF /* UserPostsWebService.swift */; };
		F05A03CD251E1B5E001563AF /* PostWebService2.swift in Sources */ = {isa = PBXBuildFile; fileRef = F05A03CC251E1B5E001563AF /* PostWebService2.swift */; };
		F05E5E8D25039AC8004BC996 /* ProfileViewModel.swift in Sources */ = {isa = PBXBuildFile; fileRef = F05E5E8C25039AC8004BC996 /* ProfileViewModel.swift */; };
		F05E5E8F25039D9B004BC996 /* ProfileWebService.swift in Sources */ = {isa = PBXBuildFile; fileRef = F05E5E8E25039D9B004BC996 /* ProfileWebService.swift */; };
		F09C69A72516216700EC961C /* SetUpView.swift in Sources */ = {isa = PBXBuildFile; fileRef = F09C69A62516216700EC961C /* SetUpView.swift */; };
		F09C69AF251635BD00EC961C /* LoginView.swift in Sources */ = {isa = PBXBuildFile; fileRef = F09C69AE251635BD00EC961C /* LoginView.swift */; };
		F09C69B12516396200EC961C /* LoginViewModel.swift in Sources */ = {isa = PBXBuildFile; fileRef = F09C69B02516396200EC961C /* LoginViewModel.swift */; };
		F09C69B325163FE800EC961C /* LoginWebService.swift in Sources */ = {isa = PBXBuildFile; fileRef = F09C69B225163FE800EC961C /* LoginWebService.swift */; };
		F09C69B52516408200EC961C /* UserModel.swift in Sources */ = {isa = PBXBuildFile; fileRef = F09C69B42516408200EC961C /* UserModel.swift */; };
		F09C69B72516446900EC961C /* StartView.swift in Sources */ = {isa = PBXBuildFile; fileRef = F09C69B62516446900EC961C /* StartView.swift */; };
		F09C69B92516450600EC961C /* UserAuthenticationViewModel.swift in Sources */ = {isa = PBXBuildFile; fileRef = F09C69B82516450600EC961C /* UserAuthenticationViewModel.swift */; };
		F0C21C4C2517557900EE3665 /* ProfileHeaderView.swift in Sources */ = {isa = PBXBuildFile; fileRef = F0C21C4B2517557900EE3665 /* ProfileHeaderView.swift */; };
		F0C21C552517576500EE3665 /* CircleImage.swift in Sources */ = {isa = PBXBuildFile; fileRef = F0C21C542517576500EE3665 /* CircleImage.swift */; };
		F0D331DC250390CB008A280A /* PostHeaderView.swift in Sources */ = {isa = PBXBuildFile; fileRef = F0D331DB250390CB008A280A /* PostHeaderView.swift */; };
/* End PBXBuildFile section */

/* Begin PBXContainerItemProxy section */
		F04A333124F91C45004A86D9 /* PBXContainerItemProxy */ = {
			isa = PBXContainerItemProxy;
			containerPortal = F04A331224F91C43004A86D9 /* Project object */;
			proxyType = 1;
			remoteGlobalIDString = F04A331924F91C43004A86D9;
			remoteInfo = "LabShare-Front";
		};
		F04A333C24F91C45004A86D9 /* PBXContainerItemProxy */ = {
			isa = PBXContainerItemProxy;
			containerPortal = F04A331224F91C43004A86D9 /* Project object */;
			proxyType = 1;
			remoteGlobalIDString = F04A331924F91C43004A86D9;
			remoteInfo = "LabShare-Front";
		};
/* End PBXContainerItemProxy section */

/* Begin PBXFileReference section */
		0AED4C041A59F839562BED82 /* Pods-LabShare-FrontTests.release.xcconfig */ = {isa = PBXFileReference; includeInIndex = 1; lastKnownFileType = text.xcconfig; name = "Pods-LabShare-FrontTests.release.xcconfig"; path = "Target Support Files/Pods-LabShare-FrontTests/Pods-LabShare-FrontTests.release.xcconfig"; sourceTree = "<group>"; };
		156CAE522A85B462637BAF62 /* Pods-LabShare-Front.debug.xcconfig */ = {isa = PBXFileReference; includeInIndex = 1; lastKnownFileType = text.xcconfig; name = "Pods-LabShare-Front.debug.xcconfig"; path = "Target Support Files/Pods-LabShare-Front/Pods-LabShare-Front.debug.xcconfig"; sourceTree = "<group>"; };
		1B92704E24FBDE6400D8CF34 /* ProfileModel.swift */ = {isa = PBXFileReference; lastKnownFileType = sourcecode.swift; path = ProfileModel.swift; sourceTree = "<group>"; };
		1B92705224FBE07D00D8CF34 /* ProfileView.swift */ = {isa = PBXFileReference; lastKnownFileType = sourcecode.swift; path = ProfileView.swift; sourceTree = "<group>"; };
		1BD01AFD250473F5006C6F90 /* SearchBarView.swift */ = {isa = PBXFileReference; lastKnownFileType = sourcecode.swift; path = SearchBarView.swift; sourceTree = "<group>"; };
		1BD01AFF250488B4006C6F90 /* ProfileContainerView.swift */ = {isa = PBXFileReference; lastKnownFileType = sourcecode.swift; path = ProfileContainerView.swift; sourceTree = "<group>"; };
		1F57E97853FC45E6A4C572E5 /* Pods_LabShare_FrontTests.framework */ = {isa = PBXFileReference; explicitFileType = wrapper.framework; includeInIndex = 0; path = Pods_LabShare_FrontTests.framework; sourceTree = BUILT_PRODUCTS_DIR; };
		305CF325481435D3912A9B8A /* Pods-LabShare-FrontTests.debug.xcconfig */ = {isa = PBXFileReference; includeInIndex = 1; lastKnownFileType = text.xcconfig; name = "Pods-LabShare-FrontTests.debug.xcconfig"; path = "Target Support Files/Pods-LabShare-FrontTests/Pods-LabShare-FrontTests.debug.xcconfig"; sourceTree = "<group>"; };
		417B8354CF9748BD5D3D7790 /* Pods-LabShare-Front-LabShare-FrontUITests.debug.xcconfig */ = {isa = PBXFileReference; includeInIndex = 1; lastKnownFileType = text.xcconfig; name = "Pods-LabShare-Front-LabShare-FrontUITests.debug.xcconfig"; path = "Target Support Files/Pods-LabShare-Front-LabShare-FrontUITests/Pods-LabShare-Front-LabShare-FrontUITests.debug.xcconfig"; sourceTree = "<group>"; };
		94BB4FA7E2526214CB88C49D /* Pods-LabShare-Front-LabShare-FrontUITests.release.xcconfig */ = {isa = PBXFileReference; includeInIndex = 1; lastKnownFileType = text.xcconfig; name = "Pods-LabShare-Front-LabShare-FrontUITests.release.xcconfig"; path = "Target Support Files/Pods-LabShare-Front-LabShare-FrontUITests/Pods-LabShare-Front-LabShare-FrontUITests.release.xcconfig"; sourceTree = "<group>"; };
		B900551F389BECD52DCD2DD7 /* Pods_LabShare_Front.framework */ = {isa = PBXFileReference; explicitFileType = wrapper.framework; includeInIndex = 0; path = Pods_LabShare_Front.framework; sourceTree = BUILT_PRODUCTS_DIR; };
		DD28AB0AAB97049B83229062 /* Pods_LabShare_Front_LabShare_FrontUITests.framework */ = {isa = PBXFileReference; explicitFileType = wrapper.framework; includeInIndex = 0; path = Pods_LabShare_Front_LabShare_FrontUITests.framework; sourceTree = BUILT_PRODUCTS_DIR; };
		F04A331A24F91C43004A86D9 /* LabShare-Front.app */ = {isa = PBXFileReference; explicitFileType = wrapper.application; includeInIndex = 0; path = "LabShare-Front.app"; sourceTree = BUILT_PRODUCTS_DIR; };
		F04A331D24F91C43004A86D9 /* AppDelegate.swift */ = {isa = PBXFileReference; lastKnownFileType = sourcecode.swift; path = AppDelegate.swift; sourceTree = "<group>"; };
		F04A331F24F91C43004A86D9 /* SceneDelegate.swift */ = {isa = PBXFileReference; lastKnownFileType = sourcecode.swift; path = SceneDelegate.swift; sourceTree = "<group>"; };
		F04A332124F91C43004A86D9 /* FeedView2.swift */ = {isa = PBXFileReference; lastKnownFileType = sourcecode.swift; path = FeedView2.swift; sourceTree = "<group>"; };
		F04A332324F91C44004A86D9 /* Assets.xcassets */ = {isa = PBXFileReference; lastKnownFileType = folder.assetcatalog; path = Assets.xcassets; sourceTree = "<group>"; };
		F04A332624F91C44004A86D9 /* Preview Assets.xcassets */ = {isa = PBXFileReference; lastKnownFileType = folder.assetcatalog; path = "Preview Assets.xcassets"; sourceTree = "<group>"; };
		F04A332924F91C44004A86D9 /* Base */ = {isa = PBXFileReference; lastKnownFileType = file.storyboard; name = Base; path = Base.lproj/LaunchScreen.storyboard; sourceTree = "<group>"; };
		F04A332B24F91C44004A86D9 /* Info.plist */ = {isa = PBXFileReference; lastKnownFileType = text.plist.xml; path = Info.plist; sourceTree = "<group>"; };
		F04A333024F91C45004A86D9 /* LabShare-FrontTests.xctest */ = {isa = PBXFileReference; explicitFileType = wrapper.cfbundle; includeInIndex = 0; path = "LabShare-FrontTests.xctest"; sourceTree = BUILT_PRODUCTS_DIR; };
		F04A333424F91C45004A86D9 /* LabShare_FrontTests.swift */ = {isa = PBXFileReference; lastKnownFileType = sourcecode.swift; path = LabShare_FrontTests.swift; sourceTree = "<group>"; };
		F04A333624F91C45004A86D9 /* Info.plist */ = {isa = PBXFileReference; lastKnownFileType = text.plist.xml; path = Info.plist; sourceTree = "<group>"; };
		F04A333B24F91C45004A86D9 /* LabShare-FrontUITests.xctest */ = {isa = PBXFileReference; explicitFileType = wrapper.cfbundle; includeInIndex = 0; path = "LabShare-FrontUITests.xctest"; sourceTree = BUILT_PRODUCTS_DIR; };
		F04A333F24F91C45004A86D9 /* LabShare_FrontUITests.swift */ = {isa = PBXFileReference; lastKnownFileType = sourcecode.swift; path = LabShare_FrontUITests.swift; sourceTree = "<group>"; };
		F04A334124F91C45004A86D9 /* Info.plist */ = {isa = PBXFileReference; lastKnownFileType = text.plist.xml; path = Info.plist; sourceTree = "<group>"; };
		F04A334F24F91C90004A86D9 /* PostModel.swift */ = {isa = PBXFileReference; lastKnownFileType = sourcecode.swift; path = PostModel.swift; sourceTree = "<group>"; };
		F04A335124F91CAA004A86D9 /* PostRowView.swift */ = {isa = PBXFileReference; lastKnownFileType = sourcecode.swift; path = PostRowView.swift; sourceTree = "<group>"; };
		F04A335824FA234F004A86D9 /* PostDetailView.swift */ = {isa = PBXFileReference; lastKnownFileType = sourcecode.swift; path = PostDetailView.swift; sourceTree = "<group>"; };
		F0519BB725034A68006E580E /* PostWebService.swift */ = {isa = PBXFileReference; lastKnownFileType = sourcecode.swift; path = PostWebService.swift; sourceTree = "<group>"; };
		F0519BBA25034CD9006E580E /* PostListViewModel.swift */ = {isa = PBXFileReference; lastKnownFileType = sourcecode.swift; path = PostListViewModel.swift; sourceTree = "<group>"; };
		F0519BBC250363CA006E580E /* UrlApi.swift */ = {isa = PBXFileReference; lastKnownFileType = sourcecode.swift; path = UrlApi.swift; sourceTree = "<group>"; };
		F0545E09251A54CD0037EFC9 /* PostListView.swift */ = {isa = PBXFileReference; lastKnownFileType = sourcecode.swift; path = PostListView.swift; sourceTree = "<group>"; };
		F0545E17251A564A0037EFC9 /* FeedView.swift */ = {isa = PBXFileReference; lastKnownFileType = sourcecode.swift; path = FeedView.swift; sourceTree = "<group>"; };
		F0545E2E251A5F590037EFC9 /* ContainerView.swift */ = {isa = PBXFileReference; lastKnownFileType = sourcecode.swift; path = ContainerView.swift; sourceTree = "<group>"; };
		F0545E36251A62780037EFC9 /* RegisterView.swift */ = {isa = PBXFileReference; lastKnownFileType = sourcecode.swift; path = RegisterView.swift; sourceTree = "<group>"; };
		F0545E41251ACE5A0037EFC9 /* RegisterViewModel.swift */ = {isa = PBXFileReference; lastKnownFileType = sourcecode.swift; path = RegisterViewModel.swift; sourceTree = "<group>"; };
		F0545E52251B0FAE0037EFC9 /* ViewHelpers.swift */ = {isa = PBXFileReference; lastKnownFileType = sourcecode.swift; path = ViewHelpers.swift; sourceTree = "<group>"; };
		F0545E57251B341E0037EFC9 /* RegistrationModel.swift */ = {isa = PBXFileReference; lastKnownFileType = sourcecode.swift; path = RegistrationModel.swift; sourceTree = "<group>"; };
		F0545E64251B68090037EFC9 /* ProfileEditView.swift */ = {isa = PBXFileReference; lastKnownFileType = sourcecode.swift; path = ProfileEditView.swift; sourceTree = "<group>"; };
		F05A03A7251CD4D7001563AF /* WebService.swift */ = {isa = PBXFileReference; lastKnownFileType = sourcecode.swift; path = WebService.swift; sourceTree = "<group>"; };
		F05A03B5251DAE08001563AF /* UserPostsWebService.swift */ = {isa = PBXFileReference; lastKnownFileType = sourcecode.swift; path = UserPostsWebService.swift; sourceTree = "<group>"; };
		F05A03CC251E1B5E001563AF /* PostWebService2.swift */ = {isa = PBXFileReference; lastKnownFileType = sourcecode.swift; path = PostWebService2.swift; sourceTree = "<group>"; };
		F05E5E8C25039AC8004BC996 /* ProfileViewModel.swift */ = {isa = PBXFileReference; lastKnownFileType = sourcecode.swift; path = ProfileViewModel.swift; sourceTree = "<group>"; };
		F05E5E8E25039D9B004BC996 /* ProfileWebService.swift */ = {isa = PBXFileReference; lastKnownFileType = sourcecode.swift; path = ProfileWebService.swift; sourceTree = "<group>"; };
		F09C69A62516216700EC961C /* SetUpView.swift */ = {isa = PBXFileReference; lastKnownFileType = sourcecode.swift; path = SetUpView.swift; sourceTree = "<group>"; };
		F09C69AE251635BD00EC961C /* LoginView.swift */ = {isa = PBXFileReference; lastKnownFileType = sourcecode.swift; path = LoginView.swift; sourceTree = "<group>"; };
		F09C69B02516396200EC961C /* LoginViewModel.swift */ = {isa = PBXFileReference; lastKnownFileType = sourcecode.swift; path = LoginViewModel.swift; sourceTree = "<group>"; };
		F09C69B225163FE800EC961C /* LoginWebService.swift */ = {isa = PBXFileReference; lastKnownFileType = sourcecode.swift; path = LoginWebService.swift; sourceTree = "<group>"; };
		F09C69B42516408200EC961C /* UserModel.swift */ = {isa = PBXFileReference; lastKnownFileType = sourcecode.swift; path = UserModel.swift; sourceTree = "<group>"; };
		F09C69B62516446900EC961C /* StartView.swift */ = {isa = PBXFileReference; lastKnownFileType = sourcecode.swift; path = StartView.swift; sourceTree = "<group>"; };
		F09C69B82516450600EC961C /* UserAuthenticationViewModel.swift */ = {isa = PBXFileReference; lastKnownFileType = sourcecode.swift; path = UserAuthenticationViewModel.swift; sourceTree = "<group>"; };
		F0C21C4B2517557900EE3665 /* ProfileHeaderView.swift */ = {isa = PBXFileReference; lastKnownFileType = sourcecode.swift; path = ProfileHeaderView.swift; sourceTree = "<group>"; };
		F0C21C542517576500EE3665 /* CircleImage.swift */ = {isa = PBXFileReference; lastKnownFileType = sourcecode.swift; path = CircleImage.swift; sourceTree = "<group>"; };
		F0D331DB250390CB008A280A /* PostHeaderView.swift */ = {isa = PBXFileReference; lastKnownFileType = sourcecode.swift; path = PostHeaderView.swift; sourceTree = "<group>"; };
		F383668E12D6B29CB9CA91DE /* Pods-LabShare-Front.release.xcconfig */ = {isa = PBXFileReference; includeInIndex = 1; lastKnownFileType = text.xcconfig; name = "Pods-LabShare-Front.release.xcconfig"; path = "Target Support Files/Pods-LabShare-Front/Pods-LabShare-Front.release.xcconfig"; sourceTree = "<group>"; };
/* End PBXFileReference section */

/* Begin PBXFrameworksBuildPhase section */
		F04A331724F91C43004A86D9 /* Frameworks */ = {
			isa = PBXFrameworksBuildPhase;
			buildActionMask = 2147483647;
			files = (
				1E40D5CFC070094A1C8C84AD /* Pods_LabShare_Front.framework in Frameworks */,
			);
			runOnlyForDeploymentPostprocessing = 0;
		};
		F04A332D24F91C45004A86D9 /* Frameworks */ = {
			isa = PBXFrameworksBuildPhase;
			buildActionMask = 2147483647;
			files = (
				10FC88C596DF2B561DB6A527 /* Pods_LabShare_FrontTests.framework in Frameworks */,
			);
			runOnlyForDeploymentPostprocessing = 0;
		};
		F04A333824F91C45004A86D9 /* Frameworks */ = {
			isa = PBXFrameworksBuildPhase;
			buildActionMask = 2147483647;
			files = (
				E470409723EB23F8766A4344 /* Pods_LabShare_Front_LabShare_FrontUITests.framework in Frameworks */,
			);
			runOnlyForDeploymentPostprocessing = 0;
		};
/* End PBXFrameworksBuildPhase section */

/* Begin PBXGroup section */
		2F4119FEF1D63BBBAB8DFF29 /* Frameworks */ = {
			isa = PBXGroup;
			children = (
				B900551F389BECD52DCD2DD7 /* Pods_LabShare_Front.framework */,
				DD28AB0AAB97049B83229062 /* Pods_LabShare_Front_LabShare_FrontUITests.framework */,
				1F57E97853FC45E6A4C572E5 /* Pods_LabShare_FrontTests.framework */,
			);
			name = Frameworks;
			sourceTree = "<group>";
		};
		E71643E36AB26FD91C584D90 /* Pods */ = {
			isa = PBXGroup;
			children = (
				156CAE522A85B462637BAF62 /* Pods-LabShare-Front.debug.xcconfig */,
				F383668E12D6B29CB9CA91DE /* Pods-LabShare-Front.release.xcconfig */,
				417B8354CF9748BD5D3D7790 /* Pods-LabShare-Front-LabShare-FrontUITests.debug.xcconfig */,
				94BB4FA7E2526214CB88C49D /* Pods-LabShare-Front-LabShare-FrontUITests.release.xcconfig */,
				305CF325481435D3912A9B8A /* Pods-LabShare-FrontTests.debug.xcconfig */,
				0AED4C041A59F839562BED82 /* Pods-LabShare-FrontTests.release.xcconfig */,
			);
			path = Pods;
			sourceTree = "<group>";
		};
		F04A331124F91C43004A86D9 = {
			isa = PBXGroup;
			children = (
				F04A331C24F91C43004A86D9 /* LabShare-Front */,
				F04A333324F91C45004A86D9 /* LabShare-FrontTests */,
				F04A333E24F91C45004A86D9 /* LabShare-FrontUITests */,
				F04A331B24F91C43004A86D9 /* Products */,
				E71643E36AB26FD91C584D90 /* Pods */,
				2F4119FEF1D63BBBAB8DFF29 /* Frameworks */,
			);
			sourceTree = "<group>";
		};
		F04A331B24F91C43004A86D9 /* Products */ = {
			isa = PBXGroup;
			children = (
				F04A331A24F91C43004A86D9 /* LabShare-Front.app */,
				F04A333024F91C45004A86D9 /* LabShare-FrontTests.xctest */,
				F04A333B24F91C45004A86D9 /* LabShare-FrontUITests.xctest */,
			);
			name = Products;
			sourceTree = "<group>";
		};
		F04A331C24F91C43004A86D9 /* LabShare-Front */ = {
			isa = PBXGroup;
			children = (
				F09C69B62516446900EC961C /* StartView.swift */,
				F04A334E24F91C6A004A86D9 /* Views */,
				F0519BB925034CC5006E580E /* ViewModels */,
				F0519BB625034A49006E580E /* Services */,
				F04A334D24F91C62004A86D9 /* Models */,
				F04A331D24F91C43004A86D9 /* AppDelegate.swift */,
				F04A331F24F91C43004A86D9 /* SceneDelegate.swift */,
				F04A332124F91C43004A86D9 /* FeedView2.swift */,
				F04A332324F91C44004A86D9 /* Assets.xcassets */,
				F04A332824F91C44004A86D9 /* LaunchScreen.storyboard */,
				F04A332B24F91C44004A86D9 /* Info.plist */,
				F04A332524F91C44004A86D9 /* Preview Content */,
			);
			path = "LabShare-Front";
			sourceTree = "<group>";
		};
		F04A332524F91C44004A86D9 /* Preview Content */ = {
			isa = PBXGroup;
			children = (
				F04A332624F91C44004A86D9 /* Preview Assets.xcassets */,
			);
			path = "Preview Content";
			sourceTree = "<group>";
		};
		F04A333324F91C45004A86D9 /* LabShare-FrontTests */ = {
			isa = PBXGroup;
			children = (
				F04A333424F91C45004A86D9 /* LabShare_FrontTests.swift */,
				F04A333624F91C45004A86D9 /* Info.plist */,
			);
			path = "LabShare-FrontTests";
			sourceTree = "<group>";
		};
		F04A333E24F91C45004A86D9 /* LabShare-FrontUITests */ = {
			isa = PBXGroup;
			children = (
				F04A333F24F91C45004A86D9 /* LabShare_FrontUITests.swift */,
				F04A334124F91C45004A86D9 /* Info.plist */,
			);
			path = "LabShare-FrontUITests";
			sourceTree = "<group>";
		};
		F04A334D24F91C62004A86D9 /* Models */ = {
			isa = PBXGroup;
			children = (
				F04A334F24F91C90004A86D9 /* PostModel.swift */,
				1B92704E24FBDE6400D8CF34 /* ProfileModel.swift */,
				F09C69B42516408200EC961C /* UserModel.swift */,
				F0545E57251B341E0037EFC9 /* RegistrationModel.swift */,
			);
			path = Models;
			sourceTree = "<group>";
		};
		F04A334E24F91C6A004A86D9 /* Views */ = {
			isa = PBXGroup;
			children = (
				F0545E2E251A5F590037EFC9 /* ContainerView.swift */,
				1BD01AFF250488B4006C6F90 /* ProfileContainerView.swift */,
				F0545E17251A564A0037EFC9 /* FeedView.swift */,
				F0C21C502517558100EE3665 /* Profile */,
				F0C21C472517541800EE3665 /* Post */,
				F09C69AD2516303900EC961C /* Login */,
			);
			path = Views;
			sourceTree = "<group>";
		};
		F0519BB625034A49006E580E /* Services */ = {
			isa = PBXGroup;
			children = (
				F0519BB725034A68006E580E /* PostWebService.swift */,
				F0519BBC250363CA006E580E /* UrlApi.swift */,
				F05E5E8E25039D9B004BC996 /* ProfileWebService.swift */,
				F09C69B225163FE800EC961C /* LoginWebService.swift */,
				F05A03A7251CD4D7001563AF /* WebService.swift */,
				F05A03B5251DAE08001563AF /* UserPostsWebService.swift */,
				F05A03CC251E1B5E001563AF /* PostWebService2.swift */,
			);
			path = Services;
			sourceTree = "<group>";
		};
		F0519BB925034CC5006E580E /* ViewModels */ = {
			isa = PBXGroup;
			children = (
				F0519BBA25034CD9006E580E /* PostListViewModel.swift */,
				F05E5E8C25039AC8004BC996 /* ProfileViewModel.swift */,
				F09C69B02516396200EC961C /* LoginViewModel.swift */,
				F09C69B82516450600EC961C /* UserAuthenticationViewModel.swift */,
				F0545E41251ACE5A0037EFC9 /* RegisterViewModel.swift */,
			);
			path = ViewModels;
			sourceTree = "<group>";
		};
		F09C69AD2516303900EC961C /* Login */ = {
			isa = PBXGroup;
			children = (
				F09C69A62516216700EC961C /* SetUpView.swift */,
				F09C69AE251635BD00EC961C /* LoginView.swift */,
				F0545E36251A62780037EFC9 /* RegisterView.swift */,
				F0545E52251B0FAE0037EFC9 /* ViewHelpers.swift */,
			);
			path = Login;
			sourceTree = "<group>";
		};
		F0C21C472517541800EE3665 /* Post */ = {
			isa = PBXGroup;
			children = (
				F0545E09251A54CD0037EFC9 /* PostListView.swift */,
				F04A335124F91CAA004A86D9 /* PostRowView.swift */,
				F04A335824FA234F004A86D9 /* PostDetailView.swift */,
				F0D331DB250390CB008A280A /* PostHeaderView.swift */,
			);
			path = Post;
			sourceTree = "<group>";
		};
		F0C21C502517558100EE3665 /* Profile */ = {
			isa = PBXGroup;
			children = (
				1BD01AFD250473F5006C6F90 /* SearchBarView.swift */,
				F0C21C4B2517557900EE3665 /* ProfileHeaderView.swift */,
				1B92705224FBE07D00D8CF34 /* ProfileView.swift */,
				F0C21C542517576500EE3665 /* CircleImage.swift */,
				F0545E64251B68090037EFC9 /* ProfileEditView.swift */,
			);
			path = Profile;
			sourceTree = "<group>";
		};
/* End PBXGroup section */

/* Begin PBXNativeTarget section */
		F04A331924F91C43004A86D9 /* LabShare-Front */ = {
			isa = PBXNativeTarget;
			buildConfigurationList = F04A334424F91C45004A86D9 /* Build configuration list for PBXNativeTarget "LabShare-Front" */;
			buildPhases = (
				13F43DC1C1FB2DF891B20E23 /* [CP] Check Pods Manifest.lock */,
				F04A331624F91C43004A86D9 /* Sources */,
				F04A331724F91C43004A86D9 /* Frameworks */,
				F04A331824F91C43004A86D9 /* Resources */,
			);
			buildRules = (
			);
			dependencies = (
			);
			name = "LabShare-Front";
			productName = "LabShare-Front";
			productReference = F04A331A24F91C43004A86D9 /* LabShare-Front.app */;
			productType = "com.apple.product-type.application";
		};
		F04A332F24F91C45004A86D9 /* LabShare-FrontTests */ = {
			isa = PBXNativeTarget;
			buildConfigurationList = F04A334724F91C45004A86D9 /* Build configuration list for PBXNativeTarget "LabShare-FrontTests" */;
			buildPhases = (
				3718AC8A79ED1BE5B124CF8B /* [CP] Check Pods Manifest.lock */,
				F04A332C24F91C45004A86D9 /* Sources */,
				F04A332D24F91C45004A86D9 /* Frameworks */,
				F04A332E24F91C45004A86D9 /* Resources */,
			);
			buildRules = (
			);
			dependencies = (
				F04A333224F91C45004A86D9 /* PBXTargetDependency */,
			);
			name = "LabShare-FrontTests";
			productName = "LabShare-FrontTests";
			productReference = F04A333024F91C45004A86D9 /* LabShare-FrontTests.xctest */;
			productType = "com.apple.product-type.bundle.unit-test";
		};
		F04A333A24F91C45004A86D9 /* LabShare-FrontUITests */ = {
			isa = PBXNativeTarget;
			buildConfigurationList = F04A334A24F91C45004A86D9 /* Build configuration list for PBXNativeTarget "LabShare-FrontUITests" */;
			buildPhases = (
				DA77415F9BBD4965CC64C4F3 /* [CP] Check Pods Manifest.lock */,
				F04A333724F91C45004A86D9 /* Sources */,
				F04A333824F91C45004A86D9 /* Frameworks */,
				F04A333924F91C45004A86D9 /* Resources */,
			);
			buildRules = (
			);
			dependencies = (
				F04A333D24F91C45004A86D9 /* PBXTargetDependency */,
			);
			name = "LabShare-FrontUITests";
			productName = "LabShare-FrontUITests";
			productReference = F04A333B24F91C45004A86D9 /* LabShare-FrontUITests.xctest */;
			productType = "com.apple.product-type.bundle.ui-testing";
		};
/* End PBXNativeTarget section */

/* Begin PBXProject section */
		F04A331224F91C43004A86D9 /* Project object */ = {
			isa = PBXProject;
			attributes = {
				LastSwiftUpdateCheck = 1160;
				LastUpgradeCheck = 1200;
				ORGANIZATIONNAME = CITS3200;
				TargetAttributes = {
					F04A331924F91C43004A86D9 = {
						CreatedOnToolsVersion = 11.6;
					};
					F04A332F24F91C45004A86D9 = {
						CreatedOnToolsVersion = 11.6;
						TestTargetID = F04A331924F91C43004A86D9;
					};
					F04A333A24F91C45004A86D9 = {
						CreatedOnToolsVersion = 11.6;
						TestTargetID = F04A331924F91C43004A86D9;
					};
				};
			};
			buildConfigurationList = F04A331524F91C43004A86D9 /* Build configuration list for PBXProject "LabShare-Front" */;
			compatibilityVersion = "Xcode 9.3";
			developmentRegion = en;
			hasScannedForEncodings = 0;
			knownRegions = (
				en,
				Base,
			);
			mainGroup = F04A331124F91C43004A86D9;
			productRefGroup = F04A331B24F91C43004A86D9 /* Products */;
			projectDirPath = "";
			projectRoot = "";
			targets = (
				F04A331924F91C43004A86D9 /* LabShare-Front */,
				F04A332F24F91C45004A86D9 /* LabShare-FrontTests */,
				F04A333A24F91C45004A86D9 /* LabShare-FrontUITests */,
			);
		};
/* End PBXProject section */

/* Begin PBXResourcesBuildPhase section */
		F04A331824F91C43004A86D9 /* Resources */ = {
			isa = PBXResourcesBuildPhase;
			buildActionMask = 2147483647;
			files = (
				F04A332A24F91C44004A86D9 /* LaunchScreen.storyboard in Resources */,
				F04A332724F91C44004A86D9 /* Preview Assets.xcassets in Resources */,
				F04A332424F91C44004A86D9 /* Assets.xcassets in Resources */,
			);
			runOnlyForDeploymentPostprocessing = 0;
		};
		F04A332E24F91C45004A86D9 /* Resources */ = {
			isa = PBXResourcesBuildPhase;
			buildActionMask = 2147483647;
			files = (
			);
			runOnlyForDeploymentPostprocessing = 0;
		};
		F04A333924F91C45004A86D9 /* Resources */ = {
			isa = PBXResourcesBuildPhase;
			buildActionMask = 2147483647;
			files = (
			);
			runOnlyForDeploymentPostprocessing = 0;
		};
/* End PBXResourcesBuildPhase section */

/* Begin PBXShellScriptBuildPhase section */
		13F43DC1C1FB2DF891B20E23 /* [CP] Check Pods Manifest.lock */ = {
			isa = PBXShellScriptBuildPhase;
			buildActionMask = 2147483647;
			files = (
			);
			inputFileListPaths = (
			);
			inputPaths = (
				"${PODS_PODFILE_DIR_PATH}/Podfile.lock",
				"${PODS_ROOT}/Manifest.lock",
			);
			name = "[CP] Check Pods Manifest.lock";
			outputFileListPaths = (
			);
			outputPaths = (
				"$(DERIVED_FILE_DIR)/Pods-LabShare-Front-checkManifestLockResult.txt",
			);
			runOnlyForDeploymentPostprocessing = 0;
			shellPath = /bin/sh;
			shellScript = "diff \"${PODS_PODFILE_DIR_PATH}/Podfile.lock\" \"${PODS_ROOT}/Manifest.lock\" > /dev/null\nif [ $? != 0 ] ; then\n    # print error to STDERR\n    echo \"error: The sandbox is not in sync with the Podfile.lock. Run 'pod install' or update your CocoaPods installation.\" >&2\n    exit 1\nfi\n# This output is used by Xcode 'outputs' to avoid re-running this script phase.\necho \"SUCCESS\" > \"${SCRIPT_OUTPUT_FILE_0}\"\n";
			showEnvVarsInLog = 0;
		};
		3718AC8A79ED1BE5B124CF8B /* [CP] Check Pods Manifest.lock */ = {
			isa = PBXShellScriptBuildPhase;
			buildActionMask = 2147483647;
			files = (
			);
			inputFileListPaths = (
			);
			inputPaths = (
				"${PODS_PODFILE_DIR_PATH}/Podfile.lock",
				"${PODS_ROOT}/Manifest.lock",
			);
			name = "[CP] Check Pods Manifest.lock";
			outputFileListPaths = (
			);
			outputPaths = (
				"$(DERIVED_FILE_DIR)/Pods-LabShare-FrontTests-checkManifestLockResult.txt",
			);
			runOnlyForDeploymentPostprocessing = 0;
			shellPath = /bin/sh;
			shellScript = "diff \"${PODS_PODFILE_DIR_PATH}/Podfile.lock\" \"${PODS_ROOT}/Manifest.lock\" > /dev/null\nif [ $? != 0 ] ; then\n    # print error to STDERR\n    echo \"error: The sandbox is not in sync with the Podfile.lock. Run 'pod install' or update your CocoaPods installation.\" >&2\n    exit 1\nfi\n# This output is used by Xcode 'outputs' to avoid re-running this script phase.\necho \"SUCCESS\" > \"${SCRIPT_OUTPUT_FILE_0}\"\n";
			showEnvVarsInLog = 0;
		};
		DA77415F9BBD4965CC64C4F3 /* [CP] Check Pods Manifest.lock */ = {
			isa = PBXShellScriptBuildPhase;
			buildActionMask = 2147483647;
			files = (
			);
			inputFileListPaths = (
			);
			inputPaths = (
				"${PODS_PODFILE_DIR_PATH}/Podfile.lock",
				"${PODS_ROOT}/Manifest.lock",
			);
			name = "[CP] Check Pods Manifest.lock";
			outputFileListPaths = (
			);
			outputPaths = (
				"$(DERIVED_FILE_DIR)/Pods-LabShare-Front-LabShare-FrontUITests-checkManifestLockResult.txt",
			);
			runOnlyForDeploymentPostprocessing = 0;
			shellPath = /bin/sh;
			shellScript = "diff \"${PODS_PODFILE_DIR_PATH}/Podfile.lock\" \"${PODS_ROOT}/Manifest.lock\" > /dev/null\nif [ $? != 0 ] ; then\n    # print error to STDERR\n    echo \"error: The sandbox is not in sync with the Podfile.lock. Run 'pod install' or update your CocoaPods installation.\" >&2\n    exit 1\nfi\n# This output is used by Xcode 'outputs' to avoid re-running this script phase.\necho \"SUCCESS\" > \"${SCRIPT_OUTPUT_FILE_0}\"\n";
			showEnvVarsInLog = 0;
		};
/* End PBXShellScriptBuildPhase section */

/* Begin PBXSourcesBuildPhase section */
		F04A331624F91C43004A86D9 /* Sources */ = {
			isa = PBXSourcesBuildPhase;
			buildActionMask = 2147483647;
			files = (
				F0519BBD250363CA006E580E /* UrlApi.swift in Sources */,
				F0545E42251ACE5A0037EFC9 /* RegisterViewModel.swift in Sources */,
				F0545E18251A564A0037EFC9 /* FeedView.swift in Sources */,
				F0545E53251B0FAE0037EFC9 /* ViewHelpers.swift in Sources */,
				F05A03A8251CD4D7001563AF /* WebService.swift in Sources */,
				F09C69B72516446900EC961C /* StartView.swift in Sources */,
				F09C69B52516408200EC961C /* UserModel.swift in Sources */,
				1B92704F24FBDE6400D8CF34 /* ProfileModel.swift in Sources */,
				F0D331DC250390CB008A280A /* PostHeaderView.swift in Sources */,
				F05E5E8D25039AC8004BC996 /* ProfileViewModel.swift in Sources */,
				1BD01B00250488B4006C6F90 /* ProfileContainerView.swift in Sources */,
				F0545E37251A62780037EFC9 /* RegisterView.swift in Sources */,
				F0C21C4C2517557900EE3665 /* ProfileHeaderView.swift in Sources */,
				1BD01AFE250473F5006C6F90 /* SearchBarView.swift in Sources */,
				F04A331E24F91C43004A86D9 /* AppDelegate.swift in Sources */,
				1B92705324FBE07D00D8CF34 /* ProfileView.swift in Sources */,
				F0545E2F251A5F590037EFC9 /* ContainerView.swift in Sources */,
				F0545E65251B68090037EFC9 /* ProfileEditView.swift in Sources */,
				F09C69B325163FE800EC961C /* LoginWebService.swift in Sources */,
				F04A332024F91C43004A86D9 /* SceneDelegate.swift in Sources */,
				F04A335224F91CAA004A86D9 /* PostRowView.swift in Sources */,
				F05A03B6251DAE08001563AF /* UserPostsWebService.swift in Sources */,
				F05E5E8F25039D9B004BC996 /* ProfileWebService.swift in Sources */,
				F09C69A72516216700EC961C /* SetUpView.swift in Sources */,
				F09C69AF251635BD00EC961C /* LoginView.swift in Sources */,
				F04A332224F91C43004A86D9 /* FeedView2.swift in Sources */,
				F04A335924FA234F004A86D9 /* PostDetailView.swift in Sources */,
				F0519BB825034A68006E580E /* PostWebService.swift in Sources */,
				F0545E0A251A54CD0037EFC9 /* PostListView.swift in Sources */,
				F04A335024F91C90004A86D9 /* PostModel.swift in Sources */,
				F09C69B92516450600EC961C /* UserAuthenticationViewModel.swift in Sources */,
				F09C69B12516396200EC961C /* LoginViewModel.swift in Sources */,
				F0519BBB25034CD9006E580E /* PostListViewModel.swift in Sources */,
				F0545E58251B341E0037EFC9 /* RegistrationModel.swift in Sources */,
				F0C21C552517576500EE3665 /* CircleImage.swift in Sources */,
				F05A03CD251E1B5E001563AF /* PostWebService2.swift in Sources */,
			);
			runOnlyForDeploymentPostprocessing = 0;
		};
		F04A332C24F91C45004A86D9 /* Sources */ = {
			isa = PBXSourcesBuildPhase;
			buildActionMask = 2147483647;
			files = (
				F04A333524F91C45004A86D9 /* LabShare_FrontTests.swift in Sources */,
			);
			runOnlyForDeploymentPostprocessing = 0;
		};
		F04A333724F91C45004A86D9 /* Sources */ = {
			isa = PBXSourcesBuildPhase;
			buildActionMask = 2147483647;
			files = (
				F04A334024F91C45004A86D9 /* LabShare_FrontUITests.swift in Sources */,
			);
			runOnlyForDeploymentPostprocessing = 0;
		};
/* End PBXSourcesBuildPhase section */

/* Begin PBXTargetDependency section */
		F04A333224F91C45004A86D9 /* PBXTargetDependency */ = {
			isa = PBXTargetDependency;
			target = F04A331924F91C43004A86D9 /* LabShare-Front */;
			targetProxy = F04A333124F91C45004A86D9 /* PBXContainerItemProxy */;
		};
		F04A333D24F91C45004A86D9 /* PBXTargetDependency */ = {
			isa = PBXTargetDependency;
			target = F04A331924F91C43004A86D9 /* LabShare-Front */;
			targetProxy = F04A333C24F91C45004A86D9 /* PBXContainerItemProxy */;
		};
/* End PBXTargetDependency section */

/* Begin PBXVariantGroup section */
		F04A332824F91C44004A86D9 /* LaunchScreen.storyboard */ = {
			isa = PBXVariantGroup;
			children = (
				F04A332924F91C44004A86D9 /* Base */,
			);
			name = LaunchScreen.storyboard;
			sourceTree = "<group>";
		};
/* End PBXVariantGroup section */

/* Begin XCBuildConfiguration section */
		F04A334224F91C45004A86D9 /* Debug */ = {
			isa = XCBuildConfiguration;
			buildSettings = {
				ALWAYS_SEARCH_USER_PATHS = NO;
				CLANG_ANALYZER_NONNULL = YES;
				CLANG_ANALYZER_NUMBER_OBJECT_CONVERSION = YES_AGGRESSIVE;
				CLANG_CXX_LANGUAGE_STANDARD = "gnu++14";
				CLANG_CXX_LIBRARY = "libc++";
				CLANG_ENABLE_MODULES = YES;
				CLANG_ENABLE_OBJC_ARC = YES;
				CLANG_ENABLE_OBJC_WEAK = YES;
				CLANG_WARN_BLOCK_CAPTURE_AUTORELEASING = YES;
				CLANG_WARN_BOOL_CONVERSION = YES;
				CLANG_WARN_COMMA = YES;
				CLANG_WARN_CONSTANT_CONVERSION = YES;
				CLANG_WARN_DEPRECATED_OBJC_IMPLEMENTATIONS = YES;
				CLANG_WARN_DIRECT_OBJC_ISA_USAGE = YES_ERROR;
				CLANG_WARN_DOCUMENTATION_COMMENTS = YES;
				CLANG_WARN_EMPTY_BODY = YES;
				CLANG_WARN_ENUM_CONVERSION = YES;
				CLANG_WARN_INFINITE_RECURSION = YES;
				CLANG_WARN_INT_CONVERSION = YES;
				CLANG_WARN_NON_LITERAL_NULL_CONVERSION = YES;
				CLANG_WARN_OBJC_IMPLICIT_RETAIN_SELF = YES;
				CLANG_WARN_OBJC_LITERAL_CONVERSION = YES;
				CLANG_WARN_OBJC_ROOT_CLASS = YES_ERROR;
				CLANG_WARN_QUOTED_INCLUDE_IN_FRAMEWORK_HEADER = YES;
				CLANG_WARN_RANGE_LOOP_ANALYSIS = YES;
				CLANG_WARN_STRICT_PROTOTYPES = YES;
				CLANG_WARN_SUSPICIOUS_MOVE = YES;
				CLANG_WARN_UNGUARDED_AVAILABILITY = YES_AGGRESSIVE;
				CLANG_WARN_UNREACHABLE_CODE = YES;
				CLANG_WARN__DUPLICATE_METHOD_MATCH = YES;
				COPY_PHASE_STRIP = NO;
				DEBUG_INFORMATION_FORMAT = dwarf;
				ENABLE_STRICT_OBJC_MSGSEND = YES;
				ENABLE_TESTABILITY = YES;
				GCC_C_LANGUAGE_STANDARD = gnu11;
				GCC_DYNAMIC_NO_PIC = NO;
				GCC_NO_COMMON_BLOCKS = YES;
				GCC_OPTIMIZATION_LEVEL = 0;
				GCC_PREPROCESSOR_DEFINITIONS = (
					"DEBUG=1",
					"$(inherited)",
				);
				GCC_WARN_64_TO_32_BIT_CONVERSION = YES;
				GCC_WARN_ABOUT_RETURN_TYPE = YES_ERROR;
				GCC_WARN_UNDECLARED_SELECTOR = YES;
				GCC_WARN_UNINITIALIZED_AUTOS = YES_AGGRESSIVE;
				GCC_WARN_UNUSED_FUNCTION = YES;
				GCC_WARN_UNUSED_VARIABLE = YES;
				IPHONEOS_DEPLOYMENT_TARGET = 13.6;
				MTL_ENABLE_DEBUG_INFO = INCLUDE_SOURCE;
				MTL_FAST_MATH = YES;
				ONLY_ACTIVE_ARCH = YES;
				SDKROOT = iphoneos;
				SWIFT_ACTIVE_COMPILATION_CONDITIONS = DEBUG;
				SWIFT_OPTIMIZATION_LEVEL = "-Onone";
			};
			name = Debug;
		};
		F04A334324F91C45004A86D9 /* Release */ = {
			isa = XCBuildConfiguration;
			buildSettings = {
				ALWAYS_SEARCH_USER_PATHS = NO;
				CLANG_ANALYZER_NONNULL = YES;
				CLANG_ANALYZER_NUMBER_OBJECT_CONVERSION = YES_AGGRESSIVE;
				CLANG_CXX_LANGUAGE_STANDARD = "gnu++14";
				CLANG_CXX_LIBRARY = "libc++";
				CLANG_ENABLE_MODULES = YES;
				CLANG_ENABLE_OBJC_ARC = YES;
				CLANG_ENABLE_OBJC_WEAK = YES;
				CLANG_WARN_BLOCK_CAPTURE_AUTORELEASING = YES;
				CLANG_WARN_BOOL_CONVERSION = YES;
				CLANG_WARN_COMMA = YES;
				CLANG_WARN_CONSTANT_CONVERSION = YES;
				CLANG_WARN_DEPRECATED_OBJC_IMPLEMENTATIONS = YES;
				CLANG_WARN_DIRECT_OBJC_ISA_USAGE = YES_ERROR;
				CLANG_WARN_DOCUMENTATION_COMMENTS = YES;
				CLANG_WARN_EMPTY_BODY = YES;
				CLANG_WARN_ENUM_CONVERSION = YES;
				CLANG_WARN_INFINITE_RECURSION = YES;
				CLANG_WARN_INT_CONVERSION = YES;
				CLANG_WARN_NON_LITERAL_NULL_CONVERSION = YES;
				CLANG_WARN_OBJC_IMPLICIT_RETAIN_SELF = YES;
				CLANG_WARN_OBJC_LITERAL_CONVERSION = YES;
				CLANG_WARN_OBJC_ROOT_CLASS = YES_ERROR;
				CLANG_WARN_QUOTED_INCLUDE_IN_FRAMEWORK_HEADER = YES;
				CLANG_WARN_RANGE_LOOP_ANALYSIS = YES;
				CLANG_WARN_STRICT_PROTOTYPES = YES;
				CLANG_WARN_SUSPICIOUS_MOVE = YES;
				CLANG_WARN_UNGUARDED_AVAILABILITY = YES_AGGRESSIVE;
				CLANG_WARN_UNREACHABLE_CODE = YES;
				CLANG_WARN__DUPLICATE_METHOD_MATCH = YES;
				COPY_PHASE_STRIP = NO;
				DEBUG_INFORMATION_FORMAT = "dwarf-with-dsym";
				ENABLE_NS_ASSERTIONS = NO;
				ENABLE_STRICT_OBJC_MSGSEND = YES;
				GCC_C_LANGUAGE_STANDARD = gnu11;
				GCC_NO_COMMON_BLOCKS = YES;
				GCC_WARN_64_TO_32_BIT_CONVERSION = YES;
				GCC_WARN_ABOUT_RETURN_TYPE = YES_ERROR;
				GCC_WARN_UNDECLARED_SELECTOR = YES;
				GCC_WARN_UNINITIALIZED_AUTOS = YES_AGGRESSIVE;
				GCC_WARN_UNUSED_FUNCTION = YES;
				GCC_WARN_UNUSED_VARIABLE = YES;
				IPHONEOS_DEPLOYMENT_TARGET = 13.6;
				MTL_ENABLE_DEBUG_INFO = NO;
				MTL_FAST_MATH = YES;
				SDKROOT = iphoneos;
				SWIFT_COMPILATION_MODE = wholemodule;
				SWIFT_OPTIMIZATION_LEVEL = "-O";
				VALIDATE_PRODUCT = YES;
			};
			name = Release;
		};
		F04A334524F91C45004A86D9 /* Debug */ = {
			isa = XCBuildConfiguration;
			baseConfigurationReference = 156CAE522A85B462637BAF62 /* Pods-LabShare-Front.debug.xcconfig */;
			buildSettings = {
				ASSETCATALOG_COMPILER_APPICON_NAME = AppIcon;
				CODE_SIGN_STYLE = Automatic;
				DEVELOPMENT_ASSET_PATHS = "\"LabShare-Front/Preview Content\"";
				DEVELOPMENT_TEAM = 4U29D6W56Z;
				ENABLE_PREVIEWS = YES;
				INFOPLIST_FILE = "LabShare-Front/Info.plist";
				LD_RUNPATH_SEARCH_PATHS = (
					"$(inherited)",
					"@executable_path/Frameworks",
				);
				PRODUCT_BUNDLE_IDENTIFIER = "com.cits3200.LabShare-Front";
				PRODUCT_NAME = "$(TARGET_NAME)";
				SWIFT_VERSION = 5.0;
				TARGETED_DEVICE_FAMILY = "1,2";
			};
			name = Debug;
		};
		F04A334624F91C45004A86D9 /* Release */ = {
			isa = XCBuildConfiguration;
			baseConfigurationReference = F383668E12D6B29CB9CA91DE /* Pods-LabShare-Front.release.xcconfig */;
			buildSettings = {
				ASSETCATALOG_COMPILER_APPICON_NAME = AppIcon;
				CODE_SIGN_STYLE = Automatic;
				DEVELOPMENT_ASSET_PATHS = "\"LabShare-Front/Preview Content\"";
				DEVELOPMENT_TEAM = 4U29D6W56Z;
				ENABLE_PREVIEWS = YES;
				INFOPLIST_FILE = "LabShare-Front/Info.plist";
				LD_RUNPATH_SEARCH_PATHS = (
					"$(inherited)",
					"@executable_path/Frameworks",
				);
				PRODUCT_BUNDLE_IDENTIFIER = "com.cits3200.LabShare-Front";
				PRODUCT_NAME = "$(TARGET_NAME)";
				SWIFT_VERSION = 5.0;
				TARGETED_DEVICE_FAMILY = "1,2";
			};
			name = Release;
		};
		F04A334824F91C45004A86D9 /* Debug */ = {
			isa = XCBuildConfiguration;
			baseConfigurationReference = 305CF325481435D3912A9B8A /* Pods-LabShare-FrontTests.debug.xcconfig */;
			buildSettings = {
				ALWAYS_EMBED_SWIFT_STANDARD_LIBRARIES = YES;
				BUNDLE_LOADER = "$(TEST_HOST)";
				CODE_SIGN_STYLE = Automatic;
				DEVELOPMENT_TEAM = 4U29D6W56Z;
				INFOPLIST_FILE = "LabShare-FrontTests/Info.plist";
				IPHONEOS_DEPLOYMENT_TARGET = 13.6;
				LD_RUNPATH_SEARCH_PATHS = (
					"$(inherited)",
					"@executable_path/Frameworks",
					"@loader_path/Frameworks",
				);
				PRODUCT_BUNDLE_IDENTIFIER = "com.cits3200.LabShare-FrontTests";
				PRODUCT_NAME = "$(TARGET_NAME)";
				SWIFT_VERSION = 5.0;
				TARGETED_DEVICE_FAMILY = "1,2";
				TEST_HOST = "$(BUILT_PRODUCTS_DIR)/LabShare-Front.app/LabShare-Front";
			};
			name = Debug;
		};
		F04A334924F91C45004A86D9 /* Release */ = {
			isa = XCBuildConfiguration;
			baseConfigurationReference = 0AED4C041A59F839562BED82 /* Pods-LabShare-FrontTests.release.xcconfig */;
			buildSettings = {
				ALWAYS_EMBED_SWIFT_STANDARD_LIBRARIES = YES;
				BUNDLE_LOADER = "$(TEST_HOST)";
				CODE_SIGN_STYLE = Automatic;
				DEVELOPMENT_TEAM = 4U29D6W56Z;
				INFOPLIST_FILE = "LabShare-FrontTests/Info.plist";
				IPHONEOS_DEPLOYMENT_TARGET = 13.6;
				LD_RUNPATH_SEARCH_PATHS = (
					"$(inherited)",
					"@executable_path/Frameworks",
					"@loader_path/Frameworks",
				);
				PRODUCT_BUNDLE_IDENTIFIER = "com.cits3200.LabShare-FrontTests";
				PRODUCT_NAME = "$(TARGET_NAME)";
				SWIFT_VERSION = 5.0;
				TARGETED_DEVICE_FAMILY = "1,2";
				TEST_HOST = "$(BUILT_PRODUCTS_DIR)/LabShare-Front.app/LabShare-Front";
			};
			name = Release;
		};
		F04A334B24F91C45004A86D9 /* Debug */ = {
			isa = XCBuildConfiguration;
			baseConfigurationReference = 417B8354CF9748BD5D3D7790 /* Pods-LabShare-Front-LabShare-FrontUITests.debug.xcconfig */;
			buildSettings = {
				ALWAYS_EMBED_SWIFT_STANDARD_LIBRARIES = YES;
				CODE_SIGN_STYLE = Automatic;
				DEVELOPMENT_TEAM = 4U29D6W56Z;
				INFOPLIST_FILE = "LabShare-FrontUITests/Info.plist";
				LD_RUNPATH_SEARCH_PATHS = (
					"$(inherited)",
					"@executable_path/Frameworks",
					"@loader_path/Frameworks",
				);
				PRODUCT_BUNDLE_IDENTIFIER = "com.cits3200.LabShare-FrontUITests";
				PRODUCT_NAME = "$(TARGET_NAME)";
				SWIFT_VERSION = 5.0;
				TARGETED_DEVICE_FAMILY = "1,2";
				TEST_TARGET_NAME = "LabShare-Front";
			};
			name = Debug;
		};
		F04A334C24F91C45004A86D9 /* Release */ = {
			isa = XCBuildConfiguration;
			baseConfigurationReference = 94BB4FA7E2526214CB88C49D /* Pods-LabShare-Front-LabShare-FrontUITests.release.xcconfig */;
			buildSettings = {
				ALWAYS_EMBED_SWIFT_STANDARD_LIBRARIES = YES;
				CODE_SIGN_STYLE = Automatic;
				DEVELOPMENT_TEAM = 4U29D6W56Z;
				INFOPLIST_FILE = "LabShare-FrontUITests/Info.plist";
				LD_RUNPATH_SEARCH_PATHS = (
					"$(inherited)",
					"@executable_path/Frameworks",
					"@loader_path/Frameworks",
				);
				PRODUCT_BUNDLE_IDENTIFIER = "com.cits3200.LabShare-FrontUITests";
				PRODUCT_NAME = "$(TARGET_NAME)";
				SWIFT_VERSION = 5.0;
				TARGETED_DEVICE_FAMILY = "1,2";
				TEST_TARGET_NAME = "LabShare-Front";
			};
			name = Release;
		};
/* End XCBuildConfiguration section */

/* Begin XCConfigurationList section */
		F04A331524F91C43004A86D9 /* Build configuration list for PBXProject "LabShare-Front" */ = {
			isa = XCConfigurationList;
			buildConfigurations = (
				F04A334224F91C45004A86D9 /* Debug */,
				F04A334324F91C45004A86D9 /* Release */,
			);
			defaultConfigurationIsVisible = 0;
			defaultConfigurationName = Release;
		};
		F04A334424F91C45004A86D9 /* Build configuration list for PBXNativeTarget "LabShare-Front" */ = {
			isa = XCConfigurationList;
			buildConfigurations = (
				F04A334524F91C45004A86D9 /* Debug */,
				F04A334624F91C45004A86D9 /* Release */,
			);
			defaultConfigurationIsVisible = 0;
			defaultConfigurationName = Release;
		};
		F04A334724F91C45004A86D9 /* Build configuration list for PBXNativeTarget "LabShare-FrontTests" */ = {
			isa = XCConfigurationList;
			buildConfigurations = (
				F04A334824F91C45004A86D9 /* Debug */,
				F04A334924F91C45004A86D9 /* Release */,
			);
			defaultConfigurationIsVisible = 0;
			defaultConfigurationName = Release;
		};
		F04A334A24F91C45004A86D9 /* Build configuration list for PBXNativeTarget "LabShare-FrontUITests" */ = {
			isa = XCConfigurationList;
			buildConfigurations = (
				F04A334B24F91C45004A86D9 /* Debug */,
				F04A334C24F91C45004A86D9 /* Release */,
			);
			defaultConfigurationIsVisible = 0;
			defaultConfigurationName = Release;
		};
/* End XCConfigurationList section */
	};
	rootObject = F04A331224F91C43004A86D9 /* Project object */;
}
